
Microsoft Visual Studio Solution File, Format Version 12.00
# Visual Studio 15
VisualStudioVersion = 15.0.27004.2005
MinimumVisualStudioVersion = 10.0.40219.1
Project("{E53339B2-1760-4266-BCC7-CA923CBCF16C}") = "docker-compose", "docker-compose.dcproj", "{0AFD92BD-1FBB-4DBF-94EA-7F369AD4F011}"
EndProject
Project("{9A19103F-16F7-4668-BE54-9A1E7A4F7556}") = "Idontknow.DAL", "backend\Idontknow.DAL\Idontknow.DAL.csproj", "{8349A614-5FD7-4D42-BF8D-E6A688AA40FE}"
EndProject
Project("{9A19103F-16F7-4668-BE54-9A1E7A4F7556}") = "Idontknow.Api", "backend\Idontknow.Api\Idontknow.Api.csproj", "{2781A012-0551-4BCD-A3BA-7199CC0A9B35}"
EndProject
Project("{FAE04EC0-301F-11D3-BF4B-00C04F79EFBC}") = "Idontknow.Domain", "backend\Idontknow.Domain\Idontknow.Domain.csproj", "{C7331FAB-33A3-4D7C-9B6E-1D300553C91C}"
EndProject
Project("{FAE04EC0-301F-11D3-BF4B-00C04F79EFBC}") = "Idontknow.Service", "backend\Idontknow.Service\Idontknow.Service.csproj", "{A8A03E09-B6DB-4ADF-A27A-20D6676D5EAA}"
EndProject
Project("{FAE04EC0-301F-11D3-BF4B-00C04F79EFBC}") = "Idontknow.IntegrationTests", "backend\Idontknow.IntegrationTests\Idontknow.IntegrationTests.csproj", "{14A6D965-3346-4C05-8F3A-671CC482E5AD}"
EndProject
Global
	GlobalSection(SolutionConfigurationPlatforms) = preSolution
		Debug|Any CPU = Debug|Any CPU
		Debug|x64 = Debug|x64
		Debug|x86 = Debug|x86
		Release|Any CPU = Release|Any CPU
		Release|x64 = Release|x64
		Release|x86 = Release|x86
	EndGlobalSection
	GlobalSection(ProjectConfigurationPlatforms) = postSolution
		{0AFD92BD-1FBB-4DBF-94EA-7F369AD4F011}.Debug|Any CPU.ActiveCfg = Debug|Any CPU
		{0AFD92BD-1FBB-4DBF-94EA-7F369AD4F011}.Debug|Any CPU.Build.0 = Debug|Any CPU
		{0AFD92BD-1FBB-4DBF-94EA-7F369AD4F011}.Debug|x64.ActiveCfg = Debug|Any CPU
		{0AFD92BD-1FBB-4DBF-94EA-7F369AD4F011}.Debug|x64.Build.0 = Debug|Any CPU
		{0AFD92BD-1FBB-4DBF-94EA-7F369AD4F011}.Debug|x86.ActiveCfg = Debug|Any CPU
		{0AFD92BD-1FBB-4DBF-94EA-7F369AD4F011}.Debug|x86.Build.0 = Debug|Any CPU
		{0AFD92BD-1FBB-4DBF-94EA-7F369AD4F011}.Release|Any CPU.ActiveCfg = Release|Any CPU
		{0AFD92BD-1FBB-4DBF-94EA-7F369AD4F011}.Release|Any CPU.Build.0 = Release|Any CPU
		{0AFD92BD-1FBB-4DBF-94EA-7F369AD4F011}.Release|x64.ActiveCfg = Release|Any CPU
		{0AFD92BD-1FBB-4DBF-94EA-7F369AD4F011}.Release|x64.Build.0 = Release|Any CPU
		{0AFD92BD-1FBB-4DBF-94EA-7F369AD4F011}.Release|x86.ActiveCfg = Release|Any CPU
		{0AFD92BD-1FBB-4DBF-94EA-7F369AD4F011}.Release|x86.Build.0 = Release|Any CPU
		{8349A614-5FD7-4D42-BF8D-E6A688AA40FE}.Debug|Any CPU.ActiveCfg = Debug|Any CPU
		{8349A614-5FD7-4D42-BF8D-E6A688AA40FE}.Debug|Any CPU.Build.0 = Debug|Any CPU
		{8349A614-5FD7-4D42-BF8D-E6A688AA40FE}.Debug|x64.ActiveCfg = Debug|Any CPU
		{8349A614-5FD7-4D42-BF8D-E6A688AA40FE}.Debug|x64.Build.0 = Debug|Any CPU
		{8349A614-5FD7-4D42-BF8D-E6A688AA40FE}.Debug|x86.ActiveCfg = Debug|Any CPU
		{8349A614-5FD7-4D42-BF8D-E6A688AA40FE}.Debug|x86.Build.0 = Debug|Any CPU
		{8349A614-5FD7-4D42-BF8D-E6A688AA40FE}.Release|Any CPU.ActiveCfg = Release|Any CPU
		{8349A614-5FD7-4D42-BF8D-E6A688AA40FE}.Release|Any CPU.Build.0 = Release|Any CPU
		{8349A614-5FD7-4D42-BF8D-E6A688AA40FE}.Release|x64.ActiveCfg = Release|Any CPU
		{8349A614-5FD7-4D42-BF8D-E6A688AA40FE}.Release|x64.Build.0 = Release|Any CPU
		{8349A614-5FD7-4D42-BF8D-E6A688AA40FE}.Release|x86.ActiveCfg = Release|Any CPU
		{8349A614-5FD7-4D42-BF8D-E6A688AA40FE}.Release|x86.Build.0 = Release|Any CPU
		{2781A012-0551-4BCD-A3BA-7199CC0A9B35}.Debug|Any CPU.ActiveCfg = Debug|Any CPU
		{2781A012-0551-4BCD-A3BA-7199CC0A9B35}.Debug|Any CPU.Build.0 = Debug|Any CPU
		{2781A012-0551-4BCD-A3BA-7199CC0A9B35}.Debug|x64.ActiveCfg = Debug|Any CPU
		{2781A012-0551-4BCD-A3BA-7199CC0A9B35}.Debug|x64.Build.0 = Debug|Any CPU
		{2781A012-0551-4BCD-A3BA-7199CC0A9B35}.Debug|x86.ActiveCfg = Debug|Any CPU
		{2781A012-0551-4BCD-A3BA-7199CC0A9B35}.Debug|x86.Build.0 = Debug|Any CPU
		{2781A012-0551-4BCD-A3BA-7199CC0A9B35}.Release|Any CPU.ActiveCfg = Release|Any CPU
		{2781A012-0551-4BCD-A3BA-7199CC0A9B35}.Release|Any CPU.Build.0 = Release|Any CPU
		{2781A012-0551-4BCD-A3BA-7199CC0A9B35}.Release|x64.ActiveCfg = Release|Any CPU
		{2781A012-0551-4BCD-A3BA-7199CC0A9B35}.Release|x64.Build.0 = Release|Any CPU
		{2781A012-0551-4BCD-A3BA-7199CC0A9B35}.Release|x86.ActiveCfg = Release|Any CPU
		{2781A012-0551-4BCD-A3BA-7199CC0A9B35}.Release|x86.Build.0 = Release|Any CPU
		{C7331FAB-33A3-4D7C-9B6E-1D300553C91C}.Debug|Any CPU.ActiveCfg = Debug|Any CPU
		{C7331FAB-33A3-4D7C-9B6E-1D300553C91C}.Debug|Any CPU.Build.0 = Debug|Any CPU
		{C7331FAB-33A3-4D7C-9B6E-1D300553C91C}.Debug|x64.ActiveCfg = Debug|x64
		{C7331FAB-33A3-4D7C-9B6E-1D300553C91C}.Debug|x64.Build.0 = Debug|x64
		{C7331FAB-33A3-4D7C-9B6E-1D300553C91C}.Debug|x86.ActiveCfg = Debug|x86
		{C7331FAB-33A3-4D7C-9B6E-1D300553C91C}.Debug|x86.Build.0 = Debug|x86
		{C7331FAB-33A3-4D7C-9B6E-1D300553C91C}.Release|Any CPU.ActiveCfg = Release|Any CPU
		{C7331FAB-33A3-4D7C-9B6E-1D300553C91C}.Release|Any CPU.Build.0 = Release|Any CPU
		{C7331FAB-33A3-4D7C-9B6E-1D300553C91C}.Release|x64.ActiveCfg = Release|x64
		{C7331FAB-33A3-4D7C-9B6E-1D300553C91C}.Release|x64.Build.0 = Release|x64
		{C7331FAB-33A3-4D7C-9B6E-1D300553C91C}.Release|x86.ActiveCfg = Release|x86
		{C7331FAB-33A3-4D7C-9B6E-1D300553C91C}.Release|x86.Build.0 = Release|x86
		{A8A03E09-B6DB-4ADF-A27A-20D6676D5EAA}.Debug|Any CPU.ActiveCfg = Debug|Any CPU
		{A8A03E09-B6DB-4ADF-A27A-20D6676D5EAA}.Debug|Any CPU.Build.0 = Debug|Any CPU
		{A8A03E09-B6DB-4ADF-A27A-20D6676D5EAA}.Debug|x64.ActiveCfg = Debug|x64
		{A8A03E09-B6DB-4ADF-A27A-20D6676D5EAA}.Debug|x64.Build.0 = Debug|x64
		{A8A03E09-B6DB-4ADF-A27A-20D6676D5EAA}.Debug|x86.ActiveCfg = Debug|x86
		{A8A03E09-B6DB-4ADF-A27A-20D6676D5EAA}.Debug|x86.Build.0 = Debug|x86
		{A8A03E09-B6DB-4ADF-A27A-20D6676D5EAA}.Release|Any CPU.ActiveCfg = Release|Any CPU
		{A8A03E09-B6DB-4ADF-A27A-20D6676D5EAA}.Release|Any CPU.Build.0 = Release|Any CPU
		{A8A03E09-B6DB-4ADF-A27A-20D6676D5EAA}.Release|x64.ActiveCfg = Release|x64
		{A8A03E09-B6DB-4ADF-A27A-20D6676D5EAA}.Release|x64.Build.0 = Release|x64
		{A8A03E09-B6DB-4ADF-A27A-20D6676D5EAA}.Release|x86.ActiveCfg = Release|x86
		{A8A03E09-B6DB-4ADF-A27A-20D6676D5EAA}.Release|x86.Build.0 = Release|x86
		{14A6D965-3346-4C05-8F3A-671CC482E5AD}.Debug|Any CPU.ActiveCfg = Debug|Any CPU
		{14A6D965-3346-4C05-8F3A-671CC482E5AD}.Debug|Any CPU.Build.0 = Debug|Any CPU
		{14A6D965-3346-4C05-8F3A-671CC482E5AD}.Debug|x64.ActiveCfg = Debug|x64
		{14A6D965-3346-4C05-8F3A-671CC482E5AD}.Debug|x64.Build.0 = Debug|x64
		{14A6D965-3346-4C05-8F3A-671CC482E5AD}.Debug|x86.ActiveCfg = Debug|x86
		{14A6D965-3346-4C05-8F3A-671CC482E5AD}.Debug|x86.Build.0 = Debug|x86
		{14A6D965-3346-4C05-8F3A-671CC482E5AD}.Release|Any CPU.ActiveCfg = Release|Any CPU
		{14A6D965-3346-4C05-8F3A-671CC482E5AD}.Release|Any CPU.Build.0 = Release|Any CPU
		{14A6D965-3346-4C05-8F3A-671CC482E5AD}.Release|x64.ActiveCfg = Release|x64
		{14A6D965-3346-4C05-8F3A-671CC482E5AD}.Release|x64.Build.0 = Release|x64
		{14A6D965-3346-4C05-8F3A-671CC482E5AD}.Release|x86.ActiveCfg = Release|x86
		{14A6D965-3346-4C05-8F3A-671CC482E5AD}.Release|x86.Build.0 = Release|x86
	EndGlobalSection
	GlobalSection(SolutionProperties) = preSolution
		HideSolutionNode = FALSE
	EndGlobalSection
	GlobalSection(ExtensibilityGlobals) = postSolution
		SolutionGuid = {5A2C6472-ADC3-4146-B7A6-249C8893F39F}
	EndGlobalSection
EndGlobal
